// !$*UTF8*$!
{
	archiveVersion = 1;
	classes = {
	};
	objectVersion = 56;
	objects = {

/* Begin PBXBuildFile section */
		8C15BBEF2B426FCC007D5FE3 /* video.c in Sources */ = {isa = PBXBuildFile; fileRef = 8C7D2D1F2B40B7C600C12DD0 /* video.c */; };
		8C15BBF02B426FCC007D5FE3 /* keyboard.c in Sources */ = {isa = PBXBuildFile; fileRef = 8C7D2D202B40B7CD00C12DD0 /* keyboard.c */; };
		8C15BBF12B426FCC007D5FE3 /* fdisk.c in Sources */ = {isa = PBXBuildFile; fileRef = 8C7D2D212B40B7DA00C12DD0 /* fdisk.c */; };
		8C5302BF2B3B4607001B7802 /* emu_main.c in Sources */ = {isa = PBXBuildFile; fileRef = 8C5302BE2B3B4607001B7802 /* emu_main.c */; };
		8C5302C12B3B4637001B7802 /* emu_instrinsics.c in Sources */ = {isa = PBXBuildFile; fileRef = 8C5302C02B3B4637001B7802 /* emu_instrinsics.c */; };
		8C7C33A92B42696F009EEB9F /* libSDL2-2.0.0.dylib in Frameworks */ = {isa = PBXBuildFile; fileRef = 8CAE87F32B40BA2000A2E6C9 /* libSDL2-2.0.0.dylib */; };
/* End PBXBuildFile section */

/* Begin PBXFileReference section */
		8C5302B12B38CF15001B7802 /* libpccel2.dylib */ = {isa = PBXFileReference; explicitFileType = "compiled.mach-o.dylib"; includeInIndex = 0; path = libpccel2.dylib; sourceTree = BUILT_PRODUCTS_DIR; };
		8C5302B82B38CF1F001B7802 /* pccel2_exports.h */ = {isa = PBXFileReference; lastKnownFileType = sourcecode.c.h; path = pccel2_exports.h; sourceTree = "<group>"; };
		8C5302B92B38CFC3001B7802 /* types.h */ = {isa = PBXFileReference; lastKnownFileType = sourcecode.c.h; path = types.h; sourceTree = "<group>"; };
		8C5302BE2B3B4607001B7802 /* emu_main.c */ = {isa = PBXFileReference; lastKnownFileType = sourcecode.c.c; path = emu_main.c; sourceTree = "<group>"; };
		8C5302C02B3B4637001B7802 /* emu_instrinsics.c */ = {isa = PBXFileReference; lastKnownFileType = sourcecode.c.c; path = emu_instrinsics.c; sourceTree = "<group>"; };
		8C7C33A72B426956009EEB9F /* libSDL2_ttf-2.0.0.dylib */ = {isa = PBXFileReference; lastKnownFileType = "compiled.mach-o.dylib"; name = "libSDL2_ttf-2.0.0.dylib"; path = "../../../../../opt/homebrew/Cellar/sdl2_ttf/2.20.2/lib/libSDL2_ttf-2.0.0.dylib"; sourceTree = "<group>"; };
		8C7D2D1E2B40B7BE00C12DD0 /* devices.h */ = {isa = PBXFileReference; lastKnownFileType = sourcecode.c.h; path = devices.h; sourceTree = "<group>"; };
		8C7D2D1F2B40B7C600C12DD0 /* video.c */ = {isa = PBXFileReference; lastKnownFileType = sourcecode.c.c; path = video.c; sourceTree = "<group>"; };
		8C7D2D202B40B7CD00C12DD0 /* keyboard.c */ = {isa = PBXFileReference; lastKnownFileType = sourcecode.c.c; path = keyboard.c; sourceTree = "<group>"; };
		8C7D2D212B40B7DA00C12DD0 /* fdisk.c */ = {isa = PBXFileReference; lastKnownFileType = sourcecode.c.c; path = fdisk.c; sourceTree = "<group>"; };
		8CAE87F32B40BA2000A2E6C9 /* libSDL2-2.0.0.dylib */ = {isa = PBXFileReference; lastKnownFileType = "compiled.mach-o.dylib"; name = "libSDL2-2.0.0.dylib"; path = "../../../../../opt/homebrew/Cellar/sdl2/2.28.5/lib/libSDL2-2.0.0.dylib"; sourceTree = "<group>"; };
/* End PBXFileReference section */

/* Begin PBXFrameworksBuildPhase section */
		8C5302AF2B38CF15001B7802 /* Frameworks */ = {
			isa = PBXFrameworksBuildPhase;
			buildActionMask = 2147483647;
			files = (
				8C7C33A92B42696F009EEB9F /* libSDL2-2.0.0.dylib in Frameworks */,
			);
			runOnlyForDeploymentPostprocessing = 0;
		};
/* End PBXFrameworksBuildPhase section */

/* Begin PBXGroup section */
		8C5302A82B38CF15001B7802 = {
			isa = PBXGroup;
			children = (
				8C7D2D1D2B40B7AF00C12DD0 /* devices */,
				8C5302BD2B3B45F5001B7802 /* pccel2 */,
				8C5302B92B38CFC3001B7802 /* types.h */,
				8C5302B82B38CF1F001B7802 /* pccel2_exports.h */,
				8C5302B22B38CF15001B7802 /* Products */,
				8CAE87F22B40BA1F00A2E6C9 /* Frameworks */,
			);
			sourceTree = "<group>";
		};
		8C5302B22B38CF15001B7802 /* Products */ = {
			isa = PBXGroup;
			children = (
				8C5302B12B38CF15001B7802 /* libpccel2.dylib */,
			);
			name = Products;
			sourceTree = "<group>";
		};
		8C5302BD2B3B45F5001B7802 /* pccel2 */ = {
			isa = PBXGroup;
			children = (
				8C5302BE2B3B4607001B7802 /* emu_main.c */,
				8C5302C02B3B4637001B7802 /* emu_instrinsics.c */,
			);
			path = pccel2;
			sourceTree = "<group>";
		};
		8C7D2D1D2B40B7AF00C12DD0 /* devices */ = {
			isa = PBXGroup;
			children = (
				8C7D2D1E2B40B7BE00C12DD0 /* devices.h */,
				8C7D2D1F2B40B7C600C12DD0 /* video.c */,
				8C7D2D202B40B7CD00C12DD0 /* keyboard.c */,
				8C7D2D212B40B7DA00C12DD0 /* fdisk.c */,
			);
			path = devices;
			sourceTree = "<group>";
		};
		8CAE87F22B40BA1F00A2E6C9 /* Frameworks */ = {
			isa = PBXGroup;
			children = (
				8C7C33A72B426956009EEB9F /* libSDL2_ttf-2.0.0.dylib */,
				8CAE87F32B40BA2000A2E6C9 /* libSDL2-2.0.0.dylib */,
			);
			name = Frameworks;
			sourceTree = "<group>";
		};
/* End PBXGroup section */

/* Begin PBXHeadersBuildPhase section */
		8C5302AD2B38CF15001B7802 /* Headers */ = {
			isa = PBXHeadersBuildPhase;
			buildActionMask = 2147483647;
			files = (
			);
			runOnlyForDeploymentPostprocessing = 0;
		};
/* End PBXHeadersBuildPhase section */

/* Begin PBXNativeTarget section */
		8C5302B02B38CF15001B7802 /* pccel2 */ = {
			isa = PBXNativeTarget;
			buildConfigurationList = 8C5302B52B38CF15001B7802 /* Build configuration list for PBXNativeTarget "pccel2" */;
			buildPhases = (
				8C5302AD2B38CF15001B7802 /* Headers */,
				8C5302AE2B38CF15001B7802 /* Sources */,
				8C5302AF2B38CF15001B7802 /* Frameworks */,
			);
			buildRules = (
			);
			dependencies = (
			);
			name = pccel2;
			productName = pccel2;
			productReference = 8C5302B12B38CF15001B7802 /* libpccel2.dylib */;
			productType = "com.apple.product-type.library.dynamic";
		};
/* End PBXNativeTarget section */

/* Begin PBXProject section */
		8C5302A92B38CF15001B7802 /* Project object */ = {
			isa = PBXProject;
			attributes = {
				BuildIndependentTargetsInParallel = 1;
				LastUpgradeCheck = 1500;
				TargetAttributes = {
					8C5302B02B38CF15001B7802 = {
						CreatedOnToolsVersion = 15.0.1;
					};
				};
			};
			buildConfigurationList = 8C5302AC2B38CF15001B7802 /* Build configuration list for PBXProject "pccel2" */;
			compatibilityVersion = "Xcode 14.0";
			developmentRegion = en;
			hasScannedForEncodings = 0;
			knownRegions = (
				en,
				Base,
			);
			mainGroup = 8C5302A82B38CF15001B7802;
			productRefGroup = 8C5302B22B38CF15001B7802 /* Products */;
			projectDirPath = "";
			projectRoot = "";
			targets = (
				8C5302B02B38CF15001B7802 /* pccel2 */,
			);
		};
/* End PBXProject section */

/* Begin PBXSourcesBuildPhase section */
		8C5302AE2B38CF15001B7802 /* Sources */ = {
			isa = PBXSourcesBuildPhase;
			buildActionMask = 2147483647;
			files = (
				8C15BBEF2B426FCC007D5FE3 /* video.c in Sources */,
				8C15BBF02B426FCC007D5FE3 /* keyboard.c in Sources */,
				8C15BBF12B426FCC007D5FE3 /* fdisk.c in Sources */,
				8C5302BF2B3B4607001B7802 /* emu_main.c in Sources */,
				8C5302C12B3B4637001B7802 /* emu_instrinsics.c in Sources */,
			);
			runOnlyForDeploymentPostprocessing = 0;
		};
/* End PBXSourcesBuildPhase section */

/* Begin XCBuildConfiguration section */
		8C5302B32B38CF15001B7802 /* Debug */ = {
			isa = XCBuildConfiguration;
			buildSettings = {
				ALWAYS_SEARCH_USER_PATHS = NO;
				ASSETCATALOG_COMPILER_GENERATE_SWIFT_ASSET_SYMBOL_EXTENSIONS = YES;
				CLANG_ANALYZER_NONNULL = YES;
				CLANG_ANALYZER_NUMBER_OBJECT_CONVERSION = YES_AGGRESSIVE;
				CLANG_CXX_LANGUAGE_STANDARD = "gnu++20";
				CLANG_ENABLE_MODULES = YES;
				CLANG_ENABLE_OBJC_ARC = YES;
				CLANG_ENABLE_OBJC_WEAK = YES;
				CLANG_WARN_BLOCK_CAPTURE_AUTORELEASING = YES;
				CLANG_WARN_BOOL_CONVERSION = YES;
				CLANG_WARN_COMMA = YES;
				CLANG_WARN_CONSTANT_CONVERSION = YES;
				CLANG_WARN_DEPRECATED_OBJC_IMPLEMENTATIONS = YES;
				CLANG_WARN_DIRECT_OBJC_ISA_USAGE = YES_ERROR;
				CLANG_WARN_DOCUMENTATION_COMMENTS = YES;
				CLANG_WARN_EMPTY_BODY = YES;
				CLANG_WARN_ENUM_CONVERSION = YES;
				CLANG_WARN_INFINITE_RECURSION = YES;
				CLANG_WARN_INT_CONVERSION = YES;
				CLANG_WARN_NON_LITERAL_NULL_CONVERSION = YES;
				CLANG_WARN_OBJC_IMPLICIT_RETAIN_SELF = YES;
				CLANG_WARN_OBJC_LITERAL_CONVERSION = YES;
				CLANG_WARN_OBJC_ROOT_CLASS = YES_ERROR;
				CLANG_WARN_QUOTED_INCLUDE_IN_FRAMEWORK_HEADER = YES;
				CLANG_WARN_RANGE_LOOP_ANALYSIS = YES;
				CLANG_WARN_STRICT_PROTOTYPES = YES;
				CLANG_WARN_SUSPICIOUS_MOVE = YES;
				CLANG_WARN_UNGUARDED_AVAILABILITY = YES_AGGRESSIVE;
				CLANG_WARN_UNREACHABLE_CODE = YES;
				CLANG_WARN__DUPLICATE_METHOD_MATCH = YES;
				COPY_PHASE_STRIP = NO;
				DEBUG_INFORMATION_FORMAT = dwarf;
				ENABLE_STRICT_OBJC_MSGSEND = YES;
				ENABLE_TESTABILITY = YES;
				ENABLE_USER_SCRIPT_SANDBOXING = YES;
				GCC_C_LANGUAGE_STANDARD = gnu17;
				GCC_DYNAMIC_NO_PIC = NO;
				GCC_NO_COMMON_BLOCKS = YES;
				GCC_OPTIMIZATION_LEVEL = 0;
				GCC_PREPROCESSOR_DEFINITIONS = (
					"DEBUG=1",
					"$(inherited)",
				);
				GCC_WARN_64_TO_32_BIT_CONVERSION = YES;
				GCC_WARN_ABOUT_RETURN_TYPE = YES_ERROR;
				GCC_WARN_UNDECLARED_SELECTOR = YES;
				GCC_WARN_UNINITIALIZED_AUTOS = YES_AGGRESSIVE;
				GCC_WARN_UNUSED_FUNCTION = YES;
				GCC_WARN_UNUSED_VARIABLE = YES;
				LOCALIZATION_PREFERS_STRING_CATALOGS = YES;
				MACOSX_DEPLOYMENT_TARGET = 14.0;
				MTL_ENABLE_DEBUG_INFO = INCLUDE_SOURCE;
				MTL_FAST_MATH = YES;
				ONLY_ACTIVE_ARCH = YES;
				SDKROOT = macosx;
			};
			name = Debug;
		};
		8C5302B42B38CF15001B7802 /* Release */ = {
			isa = XCBuildConfiguration;
			buildSettings = {
				ALWAYS_SEARCH_USER_PATHS = NO;
				ASSETCATALOG_COMPILER_GENERATE_SWIFT_ASSET_SYMBOL_EXTENSIONS = YES;
				CLANG_ANALYZER_NONNULL = YES;
				CLANG_ANALYZER_NUMBER_OBJECT_CONVERSION = YES_AGGRESSIVE;
				CLANG_CXX_LANGUAGE_STANDARD = "gnu++20";
				CLANG_ENABLE_MODULES = YES;
				CLANG_ENABLE_OBJC_ARC = YES;
				CLANG_ENABLE_OBJC_WEAK = YES;
				CLANG_WARN_BLOCK_CAPTURE_AUTORELEASING = YES;
				CLANG_WARN_BOOL_CONVERSION = YES;
				CLANG_WARN_COMMA = YES;
				CLANG_WARN_CONSTANT_CONVERSION = YES;
				CLANG_WARN_DEPRECATED_OBJC_IMPLEMENTATIONS = YES;
				CLANG_WARN_DIRECT_OBJC_ISA_USAGE = YES_ERROR;
				CLANG_WARN_DOCUMENTATION_COMMENTS = YES;
				CLANG_WARN_EMPTY_BODY = YES;
				CLANG_WARN_ENUM_CONVERSION = YES;
				CLANG_WARN_INFINITE_RECURSION = YES;
				CLANG_WARN_INT_CONVERSION = YES;
				CLANG_WARN_NON_LITERAL_NULL_CONVERSION = YES;
				CLANG_WARN_OBJC_IMPLICIT_RETAIN_SELF = YES;
				CLANG_WARN_OBJC_LITERAL_CONVERSION = YES;
				CLANG_WARN_OBJC_ROOT_CLASS = YES_ERROR;
				CLANG_WARN_QUOTED_INCLUDE_IN_FRAMEWORK_HEADER = YES;
				CLANG_WARN_RANGE_LOOP_ANALYSIS = YES;
				CLANG_WARN_STRICT_PROTOTYPES = YES;
				CLANG_WARN_SUSPICIOUS_MOVE = YES;
				CLANG_WARN_UNGUARDED_AVAILABILITY = YES_AGGRESSIVE;
				CLANG_WARN_UNREACHABLE_CODE = YES;
				CLANG_WARN__DUPLICATE_METHOD_MATCH = YES;
				COPY_PHASE_STRIP = NO;
				DEBUG_INFORMATION_FORMAT = "dwarf-with-dsym";
				ENABLE_NS_ASSERTIONS = NO;
				ENABLE_STRICT_OBJC_MSGSEND = YES;
				ENABLE_USER_SCRIPT_SANDBOXING = YES;
				GCC_C_LANGUAGE_STANDARD = gnu17;
				GCC_NO_COMMON_BLOCKS = YES;
				GCC_WARN_64_TO_32_BIT_CONVERSION = YES;
				GCC_WARN_ABOUT_RETURN_TYPE = YES_ERROR;
				GCC_WARN_UNDECLARED_SELECTOR = YES;
				GCC_WARN_UNINITIALIZED_AUTOS = YES_AGGRESSIVE;
				GCC_WARN_UNUSED_FUNCTION = YES;
				GCC_WARN_UNUSED_VARIABLE = YES;
				LOCALIZATION_PREFERS_STRING_CATALOGS = YES;
				MACOSX_DEPLOYMENT_TARGET = 14.0;
				MTL_ENABLE_DEBUG_INFO = NO;
				MTL_FAST_MATH = YES;
				SDKROOT = macosx;
			};
			name = Release;
		};
		8C5302B62B38CF15001B7802 /* Debug */ = {
			isa = XCBuildConfiguration;
			buildSettings = {
				CODE_SIGN_STYLE = Automatic;
				DYLIB_COMPATIBILITY_VERSION = 1;
				DYLIB_CURRENT_VERSION = 1;
				EXECUTABLE_PREFIX = lib;
				LIBRARY_SEARCH_PATHS = (
					"$(inherited)",
					/opt/homebrew/Cellar/sdl2/2.28.5/lib,
					/opt/homebrew/Cellar/sdl2_ttf/2.20.2/lib,
				);
				PRODUCT_NAME = "$(TARGET_NAME)";
				SKIP_INSTALL = YES;
				USER_HEADER_SEARCH_PATHS = /opt/homebrew/cellar/sdl2/2.28.5/include/SDL2;
			};
			name = Debug;
		};
		8C5302B72B38CF15001B7802 /* Release */ = {
			isa = XCBuildConfiguration;
			buildSettings = {
				CODE_SIGN_STYLE = Automatic;
				DYLIB_COMPATIBILITY_VERSION = 1;
				DYLIB_CURRENT_VERSION = 1;
				EXECUTABLE_PREFIX = lib;
				LIBRARY_SEARCH_PATHS = (
					"$(inherited)",
					/opt/homebrew/Cellar/sdl2/2.28.5/lib,
					/opt/homebrew/Cellar/sdl2_ttf/2.20.2/lib,
				);
				PRODUCT_NAME = "$(TARGET_NAME)";
				SKIP_INSTALL = YES;
				USER_HEADER_SEARCH_PATHS = /opt/homebrew/cellar/sdl2/2.28.5/include/SDL2;
			};
			name = Release;
		};
/* End XCBuildConfiguration section */

/* Begin XCConfigurationList section */
		8C5302AC2B38CF15001B7802 /* Build configuration list for PBXProject "pccel2" */ = {
			isa = XCConfigurationList;
			buildConfigurations = (
				8C5302B32B38CF15001B7802 /* Debug */,
				8C5302B42B38CF15001B7802 /* Release */,
			);
			defaultConfigurationIsVisible = 0;
			defaultConfigurationName = Release;
		};
		8C5302B52B38CF15001B7802 /* Build configuration list for PBXNativeTarget "pccel2" */ = {
			isa = XCConfigurationList;
			buildConfigurations = (
				8C5302B62B38CF15001B7802 /* Debug */,
				8C5302B72B38CF15001B7802 /* Release */,
			);
			defaultConfigurationIsVisible = 0;
			defaultConfigurationName = Release;
		};
/* End XCConfigurationList section */
	};
	rootObject = 8C5302A92B38CF15001B7802 /* Project object */;
}
